{
  "requires": true,
  "lockfileVersion": 1,
  "dependencies": {
    "@dcl/kernel-interface": {
      "version": "1.0.0-20210719232932.commit-89890cc",
      "resolved": "https://registry.npmjs.org/@dcl/kernel-interface/-/kernel-interface-1.0.0-20210719232932.commit-89890cc.tgz",
      "integrity": "sha512-qG5KMD9Ni7pLhz7wMlAKk6LZYXSfpguSgaNF6wsbY5vAcn/wuTJny9n1DGPXwQfwNO+8oyDKSTWcu2kQqJb5tg==",
      "requires": {
        "mz-observable": "^1.0.1"
      }
    },
    "mz-observable": {
      "version": "1.0.1",
      "resolved": "https://registry.npmjs.org/mz-observable/-/mz-observable-1.0.1.tgz",
      "integrity": "sha512-FwGZkt6EUPs2oGZgv/X+YEdX1FVGk/VqcijpbsggswI69dwLwChHUnfO7zG8BQAhe1OW3phcq3xm7g7jyihD/w=="
    }
  }
}
