{
  "requires": true,
  "lockfileVersion": 1,
  "dependencies": {
    "dcl-scene-writer": {
      "version": "1.1.2",
      "resolved": "https://registry.npmjs.org/dcl-scene-writer/-/dcl-scene-writer-1.1.2.tgz",
      "integrity": "sha512-1GrnacmjHSNxhHwjbnAc3MzN8xZG3tFSFEZ9Tb/njHPuxKEmoYaawfVnlUcUehHaKsQsJdpRMGdOvH/QILNDlw=="
    }
  }
}
